// !$*UTF8*$!
{
	archiveVersion = 1;
	classes = {
	};
	objectVersion = 46;
	objects = {

/* Begin PBXBuildFile section */
		CB3A0D0D1E1CEDA000DA7C30 /* main.m in Sources */ = {isa = PBXBuildFile; fileRef = CB3A0D0C1E1CEDA000DA7C30 /* main.m */; };
		CB3A0D151E1CEE1E00DA7C30 /* ChasingGame.m in Sources */ = {isa = PBXBuildFile; fileRef = CB3A0D141E1CEE1E00DA7C30 /* ChasingGame.m */; };
		CB3A0D181E1CEEE700DA7C30 /* Character.m in Sources */ = {isa = PBXBuildFile; fileRef = CB3A0D171E1CEEE700DA7C30 /* Character.m */; };
		CB3A0D1B1E1CEF6100DA7C30 /* CharacterBuilder.m in Sources */ = {isa = PBXBuildFile; fileRef = CB3A0D1A1E1CEF6100DA7C30 /* CharacterBuilder.m */; };
		CB3A0D1E1E1CEF7F00DA7C30 /* StandardCharacterBuilder.m in Sources */ = {isa = PBXBuildFile; fileRef = CB3A0D1D1E1CEF7F00DA7C30 /* StandardCharacterBuilder.m */; };
/* End PBXBuildFile section */

/* Begin PBXCopyFilesBuildPhase section */
		CB3A0D071E1CEDA000DA7C30 /* CopyFiles */ = {
			isa = PBXCopyFilesBuildPhase;
			buildActionMask = 2147483647;
			dstPath = /usr/share/man/man1/;
			dstSubfolderSpec = 0;
			files = (
			);
			runOnlyForDeploymentPostprocessing = 1;
		};
/* End PBXCopyFilesBuildPhase section */

/* Begin PBXFileReference section */
		CB3A0D091E1CEDA000DA7C30 /* BuilderPattern */ = {isa = PBXFileReference; explicitFileType = "compiled.mach-o.executable"; includeInIndex = 0; path = BuilderPattern; sourceTree = BUILT_PRODUCTS_DIR; };
		CB3A0D0C1E1CEDA000DA7C30 /* main.m */ = {isa = PBXFileReference; lastKnownFileType = sourcecode.c.objc; path = main.m; sourceTree = "<group>"; };
		CB3A0D131E1CEE1E00DA7C30 /* ChasingGame.h */ = {isa = PBXFileReference; fileEncoding = 4; lastKnownFileType = sourcecode.c.h; path = ChasingGame.h; sourceTree = "<group>"; };
		CB3A0D141E1CEE1E00DA7C30 /* ChasingGame.m */ = {isa = PBXFileReference; fileEncoding = 4; lastKnownFileType = sourcecode.c.objc; path = ChasingGame.m; sourceTree = "<group>"; };
		CB3A0D161E1CEEE700DA7C30 /* Character.h */ = {isa = PBXFileReference; fileEncoding = 4; lastKnownFileType = sourcecode.c.h; path = Character.h; sourceTree = "<group>"; };
		CB3A0D171E1CEEE700DA7C30 /* Character.m */ = {isa = PBXFileReference; fileEncoding = 4; lastKnownFileType = sourcecode.c.objc; path = Character.m; sourceTree = "<group>"; };
		CB3A0D191E1CEF6100DA7C30 /* CharacterBuilder.h */ = {isa = PBXFileReference; fileEncoding = 4; lastKnownFileType = sourcecode.c.h; path = CharacterBuilder.h; sourceTree = "<group>"; };
		CB3A0D1A1E1CEF6100DA7C30 /* CharacterBuilder.m */ = {isa = PBXFileReference; fileEncoding = 4; lastKnownFileType = sourcecode.c.objc; path = CharacterBuilder.m; sourceTree = "<group>"; };
		CB3A0D1C1E1CEF7F00DA7C30 /* StandardCharacterBuilder.h */ = {isa = PBXFileReference; fileEncoding = 4; lastKnownFileType = sourcecode.c.h; path = StandardCharacterBuilder.h; sourceTree = "<group>"; };
		CB3A0D1D1E1CEF7F00DA7C30 /* StandardCharacterBuilder.m */ = {isa = PBXFileReference; fileEncoding = 4; lastKnownFileType = sourcecode.c.objc; path = StandardCharacterBuilder.m; sourceTree = "<group>"; };
/* End PBXFileReference section */

/* Begin PBXFrameworksBuildPhase section */
		CB3A0D061E1CEDA000DA7C30 /* Frameworks */ = {
			isa = PBXFrameworksBuildPhase;
			buildActionMask = 2147483647;
			files = (
			);
			runOnlyForDeploymentPostprocessing = 0;
		};
/* End PBXFrameworksBuildPhase section */

/* Begin PBXGroup section */
		CB3A0D001E1CEDA000DA7C30 = {
			isa = PBXGroup;
			children = (
				CB3A0D0B1E1CEDA000DA7C30 /* BuilderPattern */,
				CB3A0D0A1E1CEDA000DA7C30 /* Products */,
			);
			sourceTree = "<group>";
		};
		CB3A0D0A1E1CEDA000DA7C30 /* Products */ = {
			isa = PBXGroup;
			children = (
				CB3A0D091E1CEDA000DA7C30 /* BuilderPattern */,
			);
			name = Products;
			sourceTree = "<group>";
		};
		CB3A0D0B1E1CEDA000DA7C30 /* BuilderPattern */ = {
			isa = PBXGroup;
			children = (
				CB3A0D0C1E1CEDA000DA7C30 /* main.m */,
				CB3A0D131E1CEE1E00DA7C30 /* ChasingGame.h */,
				CB3A0D141E1CEE1E00DA7C30 /* ChasingGame.m */,
				CB3A0D161E1CEEE700DA7C30 /* Character.h */,
				CB3A0D171E1CEEE700DA7C30 /* Character.m */,
				CB3A0D191E1CEF6100DA7C30 /* CharacterBuilder.h */,
				CB3A0D1A1E1CEF6100DA7C30 /* CharacterBuilder.m */,
				CB3A0D1C1E1CEF7F00DA7C30 /* StandardCharacterBuilder.h */,
				CB3A0D1D1E1CEF7F00DA7C30 /* StandardCharacterBuilder.m */,
			);
			path = BuilderPattern;
			sourceTree = "<group>";
		};
/* End PBXGroup section */

/* Begin PBXNativeTarget section */
		CB3A0D081E1CEDA000DA7C30 /* BuilderPattern */ = {
			isa = PBXNativeTarget;
			buildConfigurationList = CB3A0D101E1CEDA000DA7C30 /* Build configuration list for PBXNativeTarget "BuilderPattern" */;
			buildPhases = (
				CB3A0D051E1CEDA000DA7C30 /* Sources */,
				CB3A0D061E1CEDA000DA7C30 /* Frameworks */,
				CB3A0D071E1CEDA000DA7C30 /* CopyFiles */,
			);
			buildRules = (
			);
			dependencies = (
			);
			name = BuilderPattern;
			productName = BuilderPattern;
			productReference = CB3A0D091E1CEDA000DA7C30 /* BuilderPattern */;
			productType = "com.apple.product-type.tool";
		};
/* End PBXNativeTarget section */

/* Begin PBXProject section */
		CB3A0D011E1CEDA000DA7C30 /* Project object */ = {
			isa = PBXProject;
			attributes = {
				LastUpgradeCheck = 0810;
				ORGANIZATIONNAME = zhou;
				TargetAttributes = {
					CB3A0D081E1CEDA000DA7C30 = {
						CreatedOnToolsVersion = 8.1;
						DevelopmentTeam = F2523872HU;
						ProvisioningStyle = Automatic;
					};
				};
			};
			buildConfigurationList = CB3A0D041E1CEDA000DA7C30 /* Build configuration list for PBXProject "BuilderPattern" */;
			compatibilityVersion = "Xcode 3.2";
			developmentRegion = English;
			hasScannedForEncodings = 0;
			knownRegions = (
				en,
			);
			mainGroup = CB3A0D001E1CEDA000DA7C30;
			productRefGroup = CB3A0D0A1E1CEDA000DA7C30 /* Products */;
			projectDirPath = "";
			projectRoot = "";
			targets = (
				CB3A0D081E1CEDA000DA7C30 /* BuilderPattern */,
			);
		};
/* End PBXProject section */

/* Begin PBXSourcesBuildPhase section */
		CB3A0D051E1CEDA000DA7C30 /* Sources */ = {
			isa = PBXSourcesBuildPhase;
			buildActionMask = 2147483647;
			files = (
				CB3A0D1E1E1CEF7F00DA7C30 /* StandardCharacterBuilder.m in Sources */,
				CB3A0D0D1E1CEDA000DA7C30 /* main.m in Sources */,
				CB3A0D1B1E1CEF6100DA7C30 /* CharacterBuilder.m in Sources */,
				CB3A0D151E1CEE1E00DA7C30 /* ChasingGame.m in Sources */,
				CB3A0D181E1CEEE700DA7C30 /* Character.m in Sources */,
			);
			runOnlyForDeploymentPostprocessing = 0;
		};
/* End PBXSourcesBuildPhase section */

/* Begin XCBuildConfiguration section */
		CB3A0D0E1E1CEDA000DA7C30 /* Debug */ = {
			isa = XCBuildConfiguration;
			buildSettings = {
				ALWAYS_SEARCH_USER_PATHS = NO;
				CLANG_ANALYZER_NONNULL = YES;
				CLANG_CXX_LANGUAGE_STANDARD = "gnu++0x";
				CLANG_CXX_LIBRARY = "libc++";
				CLANG_ENABLE_MODULES = YES;
				CLANG_ENABLE_OBJC_ARC = YES;
				CLANG_WARN_BOOL_CONVERSION = YES;
				CLANG_WARN_CONSTANT_CONVERSION = YES;
				CLANG_WARN_DIRECT_OBJC_ISA_USAGE = YES_ERROR;
				CLANG_WARN_DOCUMENTATION_COMMENTS = YES;
				CLANG_WARN_EMPTY_BODY = YES;
				CLANG_WARN_ENUM_CONVERSION = YES;
				CLANG_WARN_INFINITE_RECURSION = YES;
				CLANG_WARN_INT_CONVERSION = YES;
				CLANG_WARN_OBJC_ROOT_CLASS = YES_ERROR;
				CLANG_WARN_SUSPICIOUS_MOVES = YES;
				CLANG_WARN_UNREACHABLE_CODE = YES;
				CLANG_WARN__DUPLICATE_METHOD_MATCH = YES;
				CODE_SIGN_IDENTITY = "-";
				COPY_PHASE_STRIP = NO;
				DEBUG_INFORMATION_FORMAT = dwarf;
				ENABLE_STRICT_OBJC_MSGSEND = YES;
				ENABLE_TESTABILITY = YES;
				GCC_C_LANGUAGE_STANDARD = gnu99;
				GCC_DYNAMIC_NO_PIC = NO;
				GCC_NO_COMMON_BLOCKS = YES;
				GCC_OPTIMIZATION_LEVEL = 0;
				GCC_PREPROCESSOR_DEFINITIONS = (
					"DEBUG=1",
					"$(inherited)",
				);
				GCC_WARN_64_TO_32_BIT_CONVERSION = YES;
				GCC_WARN_ABOUT_RETURN_TYPE = YES_ERROR;
				GCC_WARN_UNDECLARED_SELECTOR = YES;
				GCC_WARN_UNINITIALIZED_AUTOS = YES_AGGRESSIVE;
				GCC_WARN_UNUSED_FUNCTION = YES;
				GCC_WARN_UNUSED_VARIABLE = YES;
				MACOSX_DEPLOYMENT_TARGET = 10.12;
				MTL_ENABLE_DEBUG_INFO = YES;
				ONLY_ACTIVE_ARCH = YES;
				SDKROOT = macosx;
			};
			name = Debug;
		};
		CB3A0D0F1E1CEDA000DA7C30 /* Release */ = {
			isa = XCBuildConfiguration;
			buildSettings = {
				ALWAYS_SEARCH_USER_PATHS = NO;
				CLANG_ANALYZER_NONNULL = YES;
				CLANG_CXX_LANGUAGE_STANDARD = "gnu++0x";
				CLANG_CXX_LIBRARY = "libc++";
				CLANG_ENABLE_MODULES = YES;
				CLANG_ENABLE_OBJC_ARC = YES;
				CLANG_WARN_BOOL_CONVERSION = YES;
				CLANG_WARN_CONSTANT_CONVERSION = YES;
				CLANG_WARN_DIRECT_OBJC_ISA_USAGE = YES_ERROR;
				CLANG_WARN_DOCUMENTATION_COMMENTS = YES;
				CLANG_WARN_EMPTY_BODY = YES;
				CLANG_WARN_ENUM_CONVERSION = YES;
				CLANG_WARN_INFINITE_RECURSION = YES;
				CLANG_WARN_INT_CONVERSION = YES;
				CLANG_WARN_OBJC_ROOT_CLASS = YES_ERROR;
				CLANG_WARN_SUSPICIOUS_MOVES = YES;
				CLANG_WARN_UNREACHABLE_CODE = YES;
				CLANG_WARN__DUPLICATE_METHOD_MATCH = YES;
				CODE_SIGN_IDENTITY = "-";
				COPY_PHASE_STRIP = NO;
				DEBUG_INFORMATION_FORMAT = "dwarf-with-dsym";
				ENABLE_NS_ASSERTIONS = NO;
				ENABLE_STRICT_OBJC_MSGSEND = YES;
				GCC_C_LANGUAGE_STANDARD = gnu99;
				GCC_NO_COMMON_BLOCKS = YES;
				GCC_WARN_64_TO_32_BIT_CONVERSION = YES;
				GCC_WARN_ABOUT_RETURN_TYPE = YES_ERROR;
				GCC_WARN_UNDECLARED_SELECTOR = YES;
				GCC_WARN_UNINITIALIZED_AUTOS = YES_AGGRESSIVE;
				GCC_WARN_UNUSED_FUNCTION = YES;
				GCC_WARN_UNUSED_VARIABLE = YES;
				MACOSX_DEPLOYMENT_TARGET = 10.12;
				MTL_ENABLE_DEBUG_INFO = NO;
				SDKROOT = macosx;
			};
			name = Release;
		};
		CB3A0D111E1CEDA000DA7C30 /* Debug */ = {
			isa = XCBuildConfiguration;
			buildSettings = {
				DEVELOPMENT_TEAM = F2523872HU;
				PRODUCT_NAME = "$(TARGET_NAME)";
			};
			name = Debug;
		};
		CB3A0D121E1CEDA000DA7C30 /* Release */ = {
			isa = XCBuildConfiguration;
			buildSettings = {
				DEVELOPMENT_TEAM = F2523872HU;
				PRODUCT_NAME = "$(TARGET_NAME)";
			};
			name = Release;
		};
/* End XCBuildConfiguration section */

/* Begin XCConfigurationList section */
		CB3A0D041E1CEDA000DA7C30 /* Build configuration list for PBXProject "BuilderPattern" */ = {
			isa = XCConfigurationList;
			buildConfigurations = (
				CB3A0D0E1E1CEDA000DA7C30 /* Debug */,
				CB3A0D0F1E1CEDA000DA7C30 /* Release */,
			);
			defaultConfigurationIsVisible = 0;
			defaultConfigurationName = Release;
		};
		CB3A0D101E1CEDA000DA7C30 /* Build configuration list for PBXNativeTarget "BuilderPattern" */ = {
			isa = XCConfigurationList;
			buildConfigurations = (
				CB3A0D111E1CEDA000DA7C30 /* Debug */,
				CB3A0D121E1CEDA000DA7C30 /* Release */,
			);
			defaultConfigurationIsVisible = 0;
		};
/* End XCConfigurationList section */
	};
	rootObject = CB3A0D011E1CEDA000DA7C30 /* Project object */;
}
